
Microsoft Visual Studio Solution File, Format Version 12.00
# Visual Studio Version 17
VisualStudioVersion = 17.10.35027.167
MinimumVisualStudioVersion = 10.0.40219.1
Project("{FAE04EC0-301F-11D3-BF4B-00C04F79EFBC}") = "RoverApp", "RoverApp\RoverApp.csproj", "{79FBD641-038C-4176-BCB2-5857696E6C7A}"
EndProject
Project("{FAE04EC0-301F-11D3-BF4B-00C04F79EFBC}") = "RoverApp.Tests", "RoverApp.Tests\RoverApp.Tests.csproj", "{0987FB63-467B-41AB-B032-D953F2A66154}"
EndProject
Global
	GlobalSection(SolutionConfigurationPlatforms) = preSolution
		Debug|Any CPU = Debug|Any CPU
		Release|Any CPU = Release|Any CPU
	EndGlobalSection
	GlobalSection(ProjectConfigurationPlatforms) = postSolution
		{79FBD641-038C-4176-BCB2-5857696E6C7A}.Debug|Any CPU.ActiveCfg = Debug|Any CPU
		{79FBD641-038C-4176-BCB2-5857696E6C7A}.Debug|Any CPU.Build.0 = Debug|Any CPU
		{79FBD641-038C-4176-BCB2-5857696E6C7A}.Release|Any CPU.ActiveCfg = Release|Any CPU
		{79FBD641-038C-4176-BCB2-5857696E6C7A}.Release|Any CPU.Build.0 = Release|Any CPU
		{0987FB63-467B-41AB-B032-D953F2A66154}.Debug|Any CPU.ActiveCfg = Debug|Any CPU
		{0987FB63-467B-41AB-B032-D953F2A66154}.Debug|Any CPU.Build.0 = Debug|Any CPU
		{0987FB63-467B-41AB-B032-D953F2A66154}.Release|Any CPU.ActiveCfg = Release|Any CPU
		{0987FB63-467B-41AB-B032-D953F2A66154}.Release|Any CPU.Build.0 = Release|Any CPU
	EndGlobalSection
	GlobalSection(SolutionProperties) = preSolution
		HideSolutionNode = FALSE
	EndGlobalSection
	GlobalSection(ExtensibilityGlobals) = postSolution
		SolutionGuid = {6281D314-1E62-4E0D-9066-5932364441CE}
	EndGlobalSection
EndGlobal
